// !$*UTF8*$!
{
	archiveVersion = 1;
	classes = {
	};
	objectVersion = 56;
	objects = {

/* Begin PBXBuildFile section */
		286208D629394A2B005FBE1D /* AppDelegate.swift in Sources */ = {isa = PBXBuildFile; fileRef = 286208D529394A2B005FBE1D /* AppDelegate.swift */; };
		286208D829394A2B005FBE1D /* SceneDelegate.swift in Sources */ = {isa = PBXBuildFile; fileRef = 286208D729394A2B005FBE1D /* SceneDelegate.swift */; };
		286208DA29394A2B005FBE1D /* ViewController.swift in Sources */ = {isa = PBXBuildFile; fileRef = 286208D929394A2B005FBE1D /* ViewController.swift */; };
		286208DD29394A2B005FBE1D /* Main.storyboard in Resources */ = {isa = PBXBuildFile; fileRef = 286208DB29394A2B005FBE1D /* Main.storyboard */; };
		286208DF29394A2C005FBE1D /* Assets.xcassets in Resources */ = {isa = PBXBuildFile; fileRef = 286208DE29394A2C005FBE1D /* Assets.xcassets */; };
		286208E229394A2C005FBE1D /* LaunchScreen.storyboard in Resources */ = {isa = PBXBuildFile; fileRef = 286208E029394A2C005FBE1D /* LaunchScreen.storyboard */; };
		28A8AAF2293FA48E0061AE29 /* ireland@2x.png in Resources */ = {isa = PBXBuildFile; fileRef = 28A8AADA293FA48D0061AE29 /* ireland@2x.png */; };
		28A8AAF4293FA48E0061AE29 /* estonia@2x.png in Resources */ = {isa = PBXBuildFile; fileRef = 28A8AADC293FA48D0061AE29 /* estonia@2x.png */; };
		28A8AAF5293FA48E0061AE29 /* nigeria@2x.png in Resources */ = {isa = PBXBuildFile; fileRef = 28A8AADD293FA48D0061AE29 /* nigeria@2x.png */; };
		28A8AAF6293FA48E0061AE29 /* france@2x.png in Resources */ = {isa = PBXBuildFile; fileRef = 28A8AADE293FA48D0061AE29 /* france@2x.png */; };
		28A8AAF7293FA48E0061AE29 /* uk@2x.png in Resources */ = {isa = PBXBuildFile; fileRef = 28A8AADF293FA48D0061AE29 /* uk@2x.png */; };
		28A8AAF9293FA48E0061AE29 /* russia@2x.png in Resources */ = {isa = PBXBuildFile; fileRef = 28A8AAE1293FA48D0061AE29 /* russia@2x.png */; };
		28A8AAFD293FA48E0061AE29 /* italy@2x.png in Resources */ = {isa = PBXBuildFile; fileRef = 28A8AAE5293FA48D0061AE29 /* italy@2x.png */; };
		28A8AAFF293FA48E0061AE29 /* germany@2x.png in Resources */ = {isa = PBXBuildFile; fileRef = 28A8AAE7293FA48D0061AE29 /* germany@2x.png */; };
		28A8AB00293FA48E0061AE29 /* monaco@2x.png in Resources */ = {isa = PBXBuildFile; fileRef = 28A8AAE8293FA48D0061AE29 /* monaco@2x.png */; };
		28A8AB02293FA48E0061AE29 /* spain@2x.png in Resources */ = {isa = PBXBuildFile; fileRef = 28A8AAEA293FA48D0061AE29 /* spain@2x.png */; };
		28A8AB03293FA48E0061AE29 /* poland@2x.png in Resources */ = {isa = PBXBuildFile; fileRef = 28A8AAEB293FA48D0061AE29 /* poland@2x.png */; };
		28A8AB05293FA48E0061AE29 /* us@2x.png in Resources */ = {isa = PBXBuildFile; fileRef = 28A8AAED293FA48E0061AE29 /* us@2x.png */; };
		28A8AB09293FADF80061AE29 /* DetailViewController.swift in Sources */ = {isa = PBXBuildFile; fileRef = 28A8AB08293FADF80061AE29 /* DetailViewController.swift */; };
/* End PBXBuildFile section */

/* Begin PBXFileReference section */
		286208D229394A2B005FBE1D /* Milestone-Projects1_3.app */ = {isa = PBXFileReference; explicitFileType = wrapper.application; includeInIndex = 0; path = "Milestone-Projects1_3.app"; sourceTree = BUILT_PRODUCTS_DIR; };
		286208D529394A2B005FBE1D /* AppDelegate.swift */ = {isa = PBXFileReference; lastKnownFileType = sourcecode.swift; path = AppDelegate.swift; sourceTree = "<group>"; };
		286208D729394A2B005FBE1D /* SceneDelegate.swift */ = {isa = PBXFileReference; lastKnownFileType = sourcecode.swift; path = SceneDelegate.swift; sourceTree = "<group>"; };
		286208D929394A2B005FBE1D /* ViewController.swift */ = {isa = PBXFileReference; lastKnownFileType = sourcecode.swift; path = ViewController.swift; sourceTree = "<group>"; };
		286208DC29394A2B005FBE1D /* Base */ = {isa = PBXFileReference; lastKnownFileType = file.storyboard; name = Base; path = Base.lproj/Main.storyboard; sourceTree = "<group>"; };
		286208DE29394A2C005FBE1D /* Assets.xcassets */ = {isa = PBXFileReference; lastKnownFileType = folder.assetcatalog; path = Assets.xcassets; sourceTree = "<group>"; };
		286208E129394A2C005FBE1D /* Base */ = {isa = PBXFileReference; lastKnownFileType = file.storyboard; name = Base; path = Base.lproj/LaunchScreen.storyboard; sourceTree = "<group>"; };
		286208E329394A2C005FBE1D /* Info.plist */ = {isa = PBXFileReference; lastKnownFileType = text.plist.xml; path = Info.plist; sourceTree = "<group>"; };
		28A8AADA293FA48D0061AE29 /* ireland@2x.png */ = {isa = PBXFileReference; lastKnownFileType = image.png; path = "ireland@2x.png"; sourceTree = "<group>"; };
		28A8AADC293FA48D0061AE29 /* estonia@2x.png */ = {isa = PBXFileReference; lastKnownFileType = image.png; path = "estonia@2x.png"; sourceTree = "<group>"; };
		28A8AADD293FA48D0061AE29 /* nigeria@2x.png */ = {isa = PBXFileReference; lastKnownFileType = image.png; path = "nigeria@2x.png"; sourceTree = "<group>"; };
		28A8AADE293FA48D0061AE29 /* france@2x.png */ = {isa = PBXFileReference; lastKnownFileType = image.png; path = "france@2x.png"; sourceTree = "<group>"; };
		28A8AADF293FA48D0061AE29 /* uk@2x.png */ = {isa = PBXFileReference; lastKnownFileType = image.png; path = "uk@2x.png"; sourceTree = "<group>"; };
		28A8AAE1293FA48D0061AE29 /* russia@2x.png */ = {isa = PBXFileReference; lastKnownFileType = image.png; path = "russia@2x.png"; sourceTree = "<group>"; };
		28A8AAE5293FA48D0061AE29 /* italy@2x.png */ = {isa = PBXFileReference; lastKnownFileType = image.png; path = "italy@2x.png"; sourceTree = "<group>"; };
		28A8AAE7293FA48D0061AE29 /* germany@2x.png */ = {isa = PBXFileReference; lastKnownFileType = image.png; path = "germany@2x.png"; sourceTree = "<group>"; };
		28A8AAE8293FA48D0061AE29 /* monaco@2x.png */ = {isa = PBXFileReference; lastKnownFileType = image.png; path = "monaco@2x.png"; sourceTree = "<group>"; };
		28A8AAEA293FA48D0061AE29 /* spain@2x.png */ = {isa = PBXFileReference; lastKnownFileType = image.png; path = "spain@2x.png"; sourceTree = "<group>"; };
		28A8AAEB293FA48D0061AE29 /* poland@2x.png */ = {isa = PBXFileReference; lastKnownFileType = image.png; path = "poland@2x.png"; sourceTree = "<group>"; };
		28A8AAED293FA48E0061AE29 /* us@2x.png */ = {isa = PBXFileReference; lastKnownFileType = image.png; path = "us@2x.png"; sourceTree = "<group>"; };
		28A8AB08293FADF80061AE29 /* DetailViewController.swift */ = {isa = PBXFileReference; lastKnownFileType = sourcecode.swift; name = DetailViewController.swift; path = FlagViewer/DetailViewController.swift; sourceTree = SOURCE_ROOT; };
/* End PBXFileReference section */

/* Begin PBXFrameworksBuildPhase section */
		286208CF29394A2B005FBE1D /* Frameworks */ = {
			isa = PBXFrameworksBuildPhase;
			buildActionMask = 2147483647;
			files = (
			);
			runOnlyForDeploymentPostprocessing = 0;
		};
/* End PBXFrameworksBuildPhase section */

/* Begin PBXGroup section */
		286208C929394A2B005FBE1D = {
			isa = PBXGroup;
			children = (
				286208D429394A2B005FBE1D /* Milestone-Projects1_3 */,
				286208D329394A2B005FBE1D /* Products */,
			);
			sourceTree = "<group>";
		};
		286208D329394A2B005FBE1D /* Products */ = {
			isa = PBXGroup;
			children = (
				286208D229394A2B005FBE1D /* Milestone-Projects1_3.app */,
			);
			name = Products;
			sourceTree = "<group>";
		};
		286208D429394A2B005FBE1D /* Milestone-Projects1_3 */ = {
			isa = PBXGroup;
			children = (
				28A8AAD7293FA46A0061AE29 /* Flags */,
				286208D529394A2B005FBE1D /* AppDelegate.swift */,
				286208D729394A2B005FBE1D /* SceneDelegate.swift */,
				286208D929394A2B005FBE1D /* ViewController.swift */,
				286208DB29394A2B005FBE1D /* Main.storyboard */,
				286208DE29394A2C005FBE1D /* Assets.xcassets */,
				286208E029394A2C005FBE1D /* LaunchScreen.storyboard */,
				286208E329394A2C005FBE1D /* Info.plist */,
				28A8AB08293FADF80061AE29 /* DetailViewController.swift */,
			);
			path = "Milestone-Projects1_3";
			sourceTree = "<group>";
		};
		28A8AAD7293FA46A0061AE29 /* Flags */ = {
			isa = PBXGroup;
			children = (
				28A8AADC293FA48D0061AE29 /* estonia@2x.png */,
				28A8AADE293FA48D0061AE29 /* france@2x.png */,
				28A8AAE7293FA48D0061AE29 /* germany@2x.png */,
				28A8AADA293FA48D0061AE29 /* ireland@2x.png */,
				28A8AAE5293FA48D0061AE29 /* italy@2x.png */,
				28A8AAE8293FA48D0061AE29 /* monaco@2x.png */,
				28A8AADD293FA48D0061AE29 /* nigeria@2x.png */,
				28A8AAEB293FA48D0061AE29 /* poland@2x.png */,
				28A8AAE1293FA48D0061AE29 /* russia@2x.png */,
				28A8AAEA293FA48D0061AE29 /* spain@2x.png */,
				28A8AADF293FA48D0061AE29 /* uk@2x.png */,
				28A8AAED293FA48E0061AE29 /* us@2x.png */,
			);
			path = Flags;
			sourceTree = "<group>";
		};
/* End PBXGroup section */

/* Begin PBXNativeTarget section */
		286208D129394A2B005FBE1D /* Milestone-Projects1_3 */ = {
			isa = PBXNativeTarget;
			buildConfigurationList = 286208E629394A2C005FBE1D /* Build configuration list for PBXNativeTarget "Milestone-Projects1_3" */;
			buildPhases = (
				286208CE29394A2B005FBE1D /* Sources */,
				286208CF29394A2B005FBE1D /* Frameworks */,
				286208D029394A2B005FBE1D /* Resources */,
			);
			buildRules = (
			);
			dependencies = (
			);
			name = "Milestone-Projects1_3";
			productName = FlagViewer;
			productReference = 286208D229394A2B005FBE1D /* Milestone-Projects1_3.app */;
			productType = "com.apple.product-type.application";
		};
/* End PBXNativeTarget section */

/* Begin PBXProject section */
		286208CA29394A2B005FBE1D /* Project object */ = {
			isa = PBXProject;
			attributes = {
				BuildIndependentTargetsInParallel = 1;
				LastSwiftUpdateCheck = 1410;
				LastUpgradeCheck = 1410;
				TargetAttributes = {
					286208D129394A2B005FBE1D = {
						CreatedOnToolsVersion = 14.1;
					};
				};
			};
			buildConfigurationList = 286208CD29394A2B005FBE1D /* Build configuration list for PBXProject "Milestone-Projects1_3" */;
			compatibilityVersion = "Xcode 14.0";
			developmentRegion = en;
			hasScannedForEncodings = 0;
			knownRegions = (
				en,
				Base,
			);
			mainGroup = 286208C929394A2B005FBE1D;
			productRefGroup = 286208D329394A2B005FBE1D /* Products */;
			projectDirPath = "";
			projectRoot = "";
			targets = (
				286208D129394A2B005FBE1D /* Milestone-Projects1_3 */,
			);
		};
/* End PBXProject section */

/* Begin PBXResourcesBuildPhase section */
		286208D029394A2B005FBE1D /* Resources */ = {
			isa = PBXResourcesBuildPhase;
			buildActionMask = 2147483647;
			files = (
				28A8AAF5293FA48E0061AE29 /* nigeria@2x.png in Resources */,
				286208E229394A2C005FBE1D /* LaunchScreen.storyboard in Resources */,
				28A8AB00293FA48E0061AE29 /* monaco@2x.png in Resources */,
				28A8AAF7293FA48E0061AE29 /* uk@2x.png in Resources */,
				286208DF29394A2C005FBE1D /* Assets.xcassets in Resources */,
				28A8AAF9293FA48E0061AE29 /* russia@2x.png in Resources */,
				28A8AAF6293FA48E0061AE29 /* france@2x.png in Resources */,
				28A8AAFD293FA48E0061AE29 /* italy@2x.png in Resources */,
				28A8AAF2293FA48E0061AE29 /* ireland@2x.png in Resources */,
				28A8AB03293FA48E0061AE29 /* poland@2x.png in Resources */,
				28A8AAF4293FA48E0061AE29 /* estonia@2x.png in Resources */,
				28A8AB02293FA48E0061AE29 /* spain@2x.png in Resources */,
				286208DD29394A2B005FBE1D /* Main.storyboard in Resources */,
				28A8AB05293FA48E0061AE29 /* us@2x.png in Resources */,
				28A8AAFF293FA48E0061AE29 /* germany@2x.png in Resources */,
			);
			runOnlyForDeploymentPostprocessing = 0;
		};
/* End PBXResourcesBuildPhase section */

/* Begin PBXSourcesBuildPhase section */
		286208CE29394A2B005FBE1D /* Sources */ = {
			isa = PBXSourcesBuildPhase;
			buildActionMask = 2147483647;
			files = (
				286208DA29394A2B005FBE1D /* ViewController.swift in Sources */,
				286208D629394A2B005FBE1D /* AppDelegate.swift in Sources */,
				286208D829394A2B005FBE1D /* SceneDelegate.swift in Sources */,
				28A8AB09293FADF80061AE29 /* DetailViewController.swift in Sources */,
			);
			runOnlyForDeploymentPostprocessing = 0;
		};
/* End PBXSourcesBuildPhase section */

/* Begin PBXVariantGroup section */
		286208DB29394A2B005FBE1D /* Main.storyboard */ = {
			isa = PBXVariantGroup;
			children = (
				286208DC29394A2B005FBE1D /* Base */,
			);
			name = Main.storyboard;
			sourceTree = "<group>";
		};
		286208E029394A2C005FBE1D /* LaunchScreen.storyboard */ = {
			isa = PBXVariantGroup;
			children = (
				286208E129394A2C005FBE1D /* Base */,
			);
			name = LaunchScreen.storyboard;
			sourceTree = "<group>";
		};
/* End PBXVariantGroup section */

/* Begin XCBuildConfiguration section */
		286208E429394A2C005FBE1D /* Debug */ = {
			isa = XCBuildConfiguration;
			buildSettings = {
				ALWAYS_SEARCH_USER_PATHS = NO;
				CLANG_ANALYZER_NONNULL = YES;
				CLANG_ANALYZER_NUMBER_OBJECT_CONVERSION = YES_AGGRESSIVE;
				CLANG_CXX_LANGUAGE_STANDARD = "gnu++20";
				CLANG_ENABLE_MODULES = YES;
				CLANG_ENABLE_OBJC_ARC = YES;
				CLANG_ENABLE_OBJC_WEAK = YES;
				CLANG_WARN_BLOCK_CAPTURE_AUTORELEASING = YES;
				CLANG_WARN_BOOL_CONVERSION = YES;
				CLANG_WARN_COMMA = YES;
				CLANG_WARN_CONSTANT_CONVERSION = YES;
				CLANG_WARN_DEPRECATED_OBJC_IMPLEMENTATIONS = YES;
				CLANG_WARN_DIRECT_OBJC_ISA_USAGE = YES_ERROR;
				CLANG_WARN_DOCUMENTATION_COMMENTS = YES;
				CLANG_WARN_EMPTY_BODY = YES;
				CLANG_WARN_ENUM_CONVERSION = YES;
				CLANG_WARN_INFINITE_RECURSION = YES;
				CLANG_WARN_INT_CONVERSION = YES;
				CLANG_WARN_NON_LITERAL_NULL_CONVERSION = YES;
				CLANG_WARN_OBJC_IMPLICIT_RETAIN_SELF = YES;
				CLANG_WARN_OBJC_LITERAL_CONVERSION = YES;
				CLANG_WARN_OBJC_ROOT_CLASS = YES_ERROR;
				CLANG_WARN_QUOTED_INCLUDE_IN_FRAMEWORK_HEADER = YES;
				CLANG_WARN_RANGE_LOOP_ANALYSIS = YES;
				CLANG_WARN_STRICT_PROTOTYPES = YES;
				CLANG_WARN_SUSPICIOUS_MOVE = YES;
				CLANG_WARN_UNGUARDED_AVAILABILITY = YES_AGGRESSIVE;
				CLANG_WARN_UNREACHABLE_CODE = YES;
				CLANG_WARN__DUPLICATE_METHOD_MATCH = YES;
				COPY_PHASE_STRIP = NO;
				DEBUG_INFORMATION_FORMAT = dwarf;
				ENABLE_STRICT_OBJC_MSGSEND = YES;
				ENABLE_TESTABILITY = YES;
				GCC_C_LANGUAGE_STANDARD = gnu11;
				GCC_DYNAMIC_NO_PIC = NO;
				GCC_NO_COMMON_BLOCKS = YES;
				GCC_OPTIMIZATION_LEVEL = 0;
				GCC_PREPROCESSOR_DEFINITIONS = (
					"DEBUG=1",
					"$(inherited)",
				);
				GCC_WARN_64_TO_32_BIT_CONVERSION = YES;
				GCC_WARN_ABOUT_RETURN_TYPE = YES_ERROR;
				GCC_WARN_UNDECLARED_SELECTOR = YES;
				GCC_WARN_UNINITIALIZED_AUTOS = YES_AGGRESSIVE;
				GCC_WARN_UNUSED_FUNCTION = YES;
				GCC_WARN_UNUSED_VARIABLE = YES;
				IPHONEOS_DEPLOYMENT_TARGET = 16.1;
				MTL_ENABLE_DEBUG_INFO = INCLUDE_SOURCE;
				MTL_FAST_MATH = YES;
				ONLY_ACTIVE_ARCH = YES;
				SDKROOT = iphoneos;
				SWIFT_ACTIVE_COMPILATION_CONDITIONS = DEBUG;
				SWIFT_OPTIMIZATION_LEVEL = "-Onone";
			};
			name = Debug;
		};
		286208E529394A2C005FBE1D /* Release */ = {
			isa = XCBuildConfiguration;
			buildSettings = {
				ALWAYS_SEARCH_USER_PATHS = NO;
				CLANG_ANALYZER_NONNULL = YES;
				CLANG_ANALYZER_NUMBER_OBJECT_CONVERSION = YES_AGGRESSIVE;
				CLANG_CXX_LANGUAGE_STANDARD = "gnu++20";
				CLANG_ENABLE_MODULES = YES;
				CLANG_ENABLE_OBJC_ARC = YES;
				CLANG_ENABLE_OBJC_WEAK = YES;
				CLANG_WARN_BLOCK_CAPTURE_AUTORELEASING = YES;
				CLANG_WARN_BOOL_CONVERSION = YES;
				CLANG_WARN_COMMA = YES;
				CLANG_WARN_CONSTANT_CONVERSION = YES;
				CLANG_WARN_DEPRECATED_OBJC_IMPLEMENTATIONS = YES;
				CLANG_WARN_DIRECT_OBJC_ISA_USAGE = YES_ERROR;
				CLANG_WARN_DOCUMENTATION_COMMENTS = YES;
				CLANG_WARN_EMPTY_BODY = YES;
				CLANG_WARN_ENUM_CONVERSION = YES;
				CLANG_WARN_INFINITE_RECURSION = YES;
				CLANG_WARN_INT_CONVERSION = YES;
				CLANG_WARN_NON_LITERAL_NULL_CONVERSION = YES;
				CLANG_WARN_OBJC_IMPLICIT_RETAIN_SELF = YES;
				CLANG_WARN_OBJC_LITERAL_CONVERSION = YES;
				CLANG_WARN_OBJC_ROOT_CLASS = YES_ERROR;
				CLANG_WARN_QUOTED_INCLUDE_IN_FRAMEWORK_HEADER = YES;
				CLANG_WARN_RANGE_LOOP_ANALYSIS = YES;
				CLANG_WARN_STRICT_PROTOTYPES = YES;
				CLANG_WARN_SUSPICIOUS_MOVE = YES;
				CLANG_WARN_UNGUARDED_AVAILABILITY = YES_AGGRESSIVE;
				CLANG_WARN_UNREACHABLE_CODE = YES;
				CLANG_WARN__DUPLICATE_METHOD_MATCH = YES;
				COPY_PHASE_STRIP = NO;
				DEBUG_INFORMATION_FORMAT = "dwarf-with-dsym";
				ENABLE_NS_ASSERTIONS = NO;
				ENABLE_STRICT_OBJC_MSGSEND = YES;
				GCC_C_LANGUAGE_STANDARD = gnu11;
				GCC_NO_COMMON_BLOCKS = YES;
				GCC_WARN_64_TO_32_BIT_CONVERSION = YES;
				GCC_WARN_ABOUT_RETURN_TYPE = YES_ERROR;
				GCC_WARN_UNDECLARED_SELECTOR = YES;
				GCC_WARN_UNINITIALIZED_AUTOS = YES_AGGRESSIVE;
				GCC_WARN_UNUSED_FUNCTION = YES;
				GCC_WARN_UNUSED_VARIABLE = YES;
				IPHONEOS_DEPLOYMENT_TARGET = 16.1;
				MTL_ENABLE_DEBUG_INFO = NO;
				MTL_FAST_MATH = YES;
				SDKROOT = iphoneos;
				SWIFT_COMPILATION_MODE = wholemodule;
				SWIFT_OPTIMIZATION_LEVEL = "-O";
				VALIDATE_PRODUCT = YES;
			};
			name = Release;
		};
		286208E729394A2C005FBE1D /* Debug */ = {
			isa = XCBuildConfiguration;
			buildSettings = {
				ASSETCATALOG_COMPILER_APPICON_NAME = AppIcon;
				ASSETCATALOG_COMPILER_GLOBAL_ACCENT_COLOR_NAME = AccentColor;
				CODE_SIGN_STYLE = Automatic;
				CURRENT_PROJECT_VERSION = 1;
				GENERATE_INFOPLIST_FILE = YES;
				INFOPLIST_FILE = FlagViewer/Info.plist;
				INFOPLIST_KEY_UIApplicationSupportsIndirectInputEvents = YES;
				INFOPLIST_KEY_UILaunchStoryboardName = LaunchScreen;
				INFOPLIST_KEY_UIMainStoryboardFile = Main;
				INFOPLIST_KEY_UISupportedInterfaceOrientations_iPad = "UIInterfaceOrientationPortrait UIInterfaceOrientationPortraitUpsideDown UIInterfaceOrientationLandscapeLeft UIInterfaceOrientationLandscapeRight";
				INFOPLIST_KEY_UISupportedInterfaceOrientations_iPhone = "UIInterfaceOrientationPortrait UIInterfaceOrientationLandscapeLeft UIInterfaceOrientationLandscapeRight";
				LD_RUNPATH_SEARCH_PATHS = (
					"$(inherited)",
					"@executable_path/Frameworks",
				);
				MARKETING_VERSION = 1.0;
				PRODUCT_BUNDLE_IDENTIFIER = com.mudulozan.FlagViewer;
				PRODUCT_NAME = "$(TARGET_NAME)";
				SWIFT_EMIT_LOC_STRINGS = YES;
				SWIFT_VERSION = 5.0;
				TARGETED_DEVICE_FAMILY = "1,2";
			};
			name = Debug;
		};
		286208E829394A2C005FBE1D /* Release */ = {
			isa = XCBuildConfiguration;
			buildSettings = {
				ASSETCATALOG_COMPILER_APPICON_NAME = AppIcon;
				ASSETCATALOG_COMPILER_GLOBAL_ACCENT_COLOR_NAME = AccentColor;
				CODE_SIGN_STYLE = Automatic;
				CURRENT_PROJECT_VERSION = 1;
				GENERATE_INFOPLIST_FILE = YES;
				INFOPLIST_FILE = FlagViewer/Info.plist;
				INFOPLIST_KEY_UIApplicationSupportsIndirectInputEvents = YES;
				INFOPLIST_KEY_UILaunchStoryboardName = LaunchScreen;
				INFOPLIST_KEY_UIMainStoryboardFile = Main;
				INFOPLIST_KEY_UISupportedInterfaceOrientations_iPad = "UIInterfaceOrientationPortrait UIInterfaceOrientationPortraitUpsideDown UIInterfaceOrientationLandscapeLeft UIInterfaceOrientationLandscapeRight";
				INFOPLIST_KEY_UISupportedInterfaceOrientations_iPhone = "UIInterfaceOrientationPortrait UIInterfaceOrientationLandscapeLeft UIInterfaceOrientationLandscapeRight";
				LD_RUNPATH_SEARCH_PATHS = (
					"$(inherited)",
					"@executable_path/Frameworks",
				);
				MARKETING_VERSION = 1.0;
				PRODUCT_BUNDLE_IDENTIFIER = com.mudulozan.FlagViewer;
				PRODUCT_NAME = "$(TARGET_NAME)";
				SWIFT_EMIT_LOC_STRINGS = YES;
				SWIFT_VERSION = 5.0;
				TARGETED_DEVICE_FAMILY = "1,2";
			};
			name = Release;
		};
/* End XCBuildConfiguration section */

/* Begin XCConfigurationList section */
		286208CD29394A2B005FBE1D /* Build configuration list for PBXProject "Milestone-Projects1_3" */ = {
			isa = XCConfigurationList;
			buildConfigurations = (
				286208E429394A2C005FBE1D /* Debug */,
				286208E529394A2C005FBE1D /* Release */,
			);
			defaultConfigurationIsVisible = 0;
			defaultConfigurationName = Release;
		};
		286208E629394A2C005FBE1D /* Build configuration list for PBXNativeTarget "Milestone-Projects1_3" */ = {
			isa = XCConfigurationList;
			buildConfigurations = (
				286208E729394A2C005FBE1D /* Debug */,
				286208E829394A2C005FBE1D /* Release */,
			);
			defaultConfigurationIsVisible = 0;
			defaultConfigurationName = Release;
		};
/* End XCConfigurationList section */
	};
	rootObject = 286208CA29394A2B005FBE1D /* Project object */;
}
