// !$*UTF8*$!
{
	archiveVersion = 1;
	classes = {
	};
	objectVersion = 56;
	objects = {

/* Begin PBXBuildFile section */
		28D2B7C629CF46BD00CB0901 /* AppDelegate.swift in Sources */ = {isa = PBXBuildFile; fileRef = 28D2B7C529CF46BD00CB0901 /* AppDelegate.swift */; };
		28D2B7C829CF46BD00CB0901 /* SceneDelegate.swift in Sources */ = {isa = PBXBuildFile; fileRef = 28D2B7C729CF46BD00CB0901 /* SceneDelegate.swift */; };
		28D2B7CA29CF46BD00CB0901 /* ViewController.swift in Sources */ = {isa = PBXBuildFile; fileRef = 28D2B7C929CF46BD00CB0901 /* ViewController.swift */; };
		28D2B7CD29CF46BD00CB0901 /* Main.storyboard in Resources */ = {isa = PBXBuildFile; fileRef = 28D2B7CB29CF46BD00CB0901 /* Main.storyboard */; };
		28D2B7CF29CF46BF00CB0901 /* Assets.xcassets in Resources */ = {isa = PBXBuildFile; fileRef = 28D2B7CE29CF46BF00CB0901 /* Assets.xcassets */; };
		28D2B7D229CF46BF00CB0901 /* LaunchScreen.storyboard in Resources */ = {isa = PBXBuildFile; fileRef = 28D2B7D029CF46BF00CB0901 /* LaunchScreen.storyboard */; };
		28D2B7DB29CF4B9300CB0901 /* KeychainWrapper.swift in Sources */ = {isa = PBXBuildFile; fileRef = 28D2B7D929CF4B9300CB0901 /* KeychainWrapper.swift */; };
		28D2B7DC29CF4B9300CB0901 /* KeychainItemAccessibility.swift in Sources */ = {isa = PBXBuildFile; fileRef = 28D2B7DA29CF4B9300CB0901 /* KeychainItemAccessibility.swift */; };
/* End PBXBuildFile section */

/* Begin PBXFileReference section */
		28D2B7C229CF46BD00CB0901 /* Project28.app */ = {isa = PBXFileReference; explicitFileType = wrapper.application; includeInIndex = 0; path = Project28.app; sourceTree = BUILT_PRODUCTS_DIR; };
		28D2B7C529CF46BD00CB0901 /* AppDelegate.swift */ = {isa = PBXFileReference; lastKnownFileType = sourcecode.swift; path = AppDelegate.swift; sourceTree = "<group>"; };
		28D2B7C729CF46BD00CB0901 /* SceneDelegate.swift */ = {isa = PBXFileReference; lastKnownFileType = sourcecode.swift; path = SceneDelegate.swift; sourceTree = "<group>"; };
		28D2B7C929CF46BD00CB0901 /* ViewController.swift */ = {isa = PBXFileReference; lastKnownFileType = sourcecode.swift; path = ViewController.swift; sourceTree = "<group>"; };
		28D2B7CC29CF46BD00CB0901 /* Base */ = {isa = PBXFileReference; lastKnownFileType = file.storyboard; name = Base; path = Base.lproj/Main.storyboard; sourceTree = "<group>"; };
		28D2B7CE29CF46BF00CB0901 /* Assets.xcassets */ = {isa = PBXFileReference; lastKnownFileType = folder.assetcatalog; path = Assets.xcassets; sourceTree = "<group>"; };
		28D2B7D129CF46BF00CB0901 /* Base */ = {isa = PBXFileReference; lastKnownFileType = file.storyboard; name = Base; path = Base.lproj/LaunchScreen.storyboard; sourceTree = "<group>"; };
		28D2B7D329CF46BF00CB0901 /* Info.plist */ = {isa = PBXFileReference; lastKnownFileType = text.plist.xml; path = Info.plist; sourceTree = "<group>"; };
		28D2B7D929CF4B9300CB0901 /* KeychainWrapper.swift */ = {isa = PBXFileReference; fileEncoding = 4; lastKnownFileType = sourcecode.swift; path = KeychainWrapper.swift; sourceTree = "<group>"; };
		28D2B7DA29CF4B9300CB0901 /* KeychainItemAccessibility.swift */ = {isa = PBXFileReference; fileEncoding = 4; lastKnownFileType = sourcecode.swift; path = KeychainItemAccessibility.swift; sourceTree = "<group>"; };
/* End PBXFileReference section */

/* Begin PBXFrameworksBuildPhase section */
		28D2B7BF29CF46BD00CB0901 /* Frameworks */ = {
			isa = PBXFrameworksBuildPhase;
			buildActionMask = 2147483647;
			files = (
			);
			runOnlyForDeploymentPostprocessing = 0;
		};
/* End PBXFrameworksBuildPhase section */

/* Begin PBXGroup section */
		28D2B7B929CF46BD00CB0901 = {
			isa = PBXGroup;
			children = (
				28D2B7C429CF46BD00CB0901 /* Project28 */,
				28D2B7C329CF46BD00CB0901 /* Products */,
			);
			sourceTree = "<group>";
		};
		28D2B7C329CF46BD00CB0901 /* Products */ = {
			isa = PBXGroup;
			children = (
				28D2B7C229CF46BD00CB0901 /* Project28.app */,
			);
			name = Products;
			sourceTree = "<group>";
		};
		28D2B7C429CF46BD00CB0901 /* Project28 */ = {
			isa = PBXGroup;
			children = (
				28D2B7C529CF46BD00CB0901 /* AppDelegate.swift */,
				28D2B7C729CF46BD00CB0901 /* SceneDelegate.swift */,
				28D2B7C929CF46BD00CB0901 /* ViewController.swift */,
				28D2B7DA29CF4B9300CB0901 /* KeychainItemAccessibility.swift */,
				28D2B7D929CF4B9300CB0901 /* KeychainWrapper.swift */,
				28D2B7CB29CF46BD00CB0901 /* Main.storyboard */,
				28D2B7CE29CF46BF00CB0901 /* Assets.xcassets */,
				28D2B7D029CF46BF00CB0901 /* LaunchScreen.storyboard */,
				28D2B7D329CF46BF00CB0901 /* Info.plist */,
			);
			path = Project28;
			sourceTree = "<group>";
		};
/* End PBXGroup section */

/* Begin PBXNativeTarget section */
		28D2B7C129CF46BD00CB0901 /* Project28 */ = {
			isa = PBXNativeTarget;
			buildConfigurationList = 28D2B7D629CF46BF00CB0901 /* Build configuration list for PBXNativeTarget "Project28" */;
			buildPhases = (
				28D2B7BE29CF46BD00CB0901 /* Sources */,
				28D2B7BF29CF46BD00CB0901 /* Frameworks */,
				28D2B7C029CF46BD00CB0901 /* Resources */,
			);
			buildRules = (
			);
			dependencies = (
			);
			name = Project28;
			productName = Project28;
			productReference = 28D2B7C229CF46BD00CB0901 /* Project28.app */;
			productType = "com.apple.product-type.application";
		};
/* End PBXNativeTarget section */

/* Begin PBXProject section */
		28D2B7BA29CF46BD00CB0901 /* Project object */ = {
			isa = PBXProject;
			attributes = {
				BuildIndependentTargetsInParallel = 1;
				LastSwiftUpdateCheck = 1420;
				LastUpgradeCheck = 1420;
				TargetAttributes = {
					28D2B7C129CF46BD00CB0901 = {
						CreatedOnToolsVersion = 14.2;
					};
				};
			};
			buildConfigurationList = 28D2B7BD29CF46BD00CB0901 /* Build configuration list for PBXProject "Project28" */;
			compatibilityVersion = "Xcode 14.0";
			developmentRegion = en;
			hasScannedForEncodings = 0;
			knownRegions = (
				en,
				Base,
			);
			mainGroup = 28D2B7B929CF46BD00CB0901;
			productRefGroup = 28D2B7C329CF46BD00CB0901 /* Products */;
			projectDirPath = "";
			projectRoot = "";
			targets = (
				28D2B7C129CF46BD00CB0901 /* Project28 */,
			);
		};
/* End PBXProject section */

/* Begin PBXResourcesBuildPhase section */
		28D2B7C029CF46BD00CB0901 /* Resources */ = {
			isa = PBXResourcesBuildPhase;
			buildActionMask = 2147483647;
			files = (
				28D2B7D229CF46BF00CB0901 /* LaunchScreen.storyboard in Resources */,
				28D2B7CF29CF46BF00CB0901 /* Assets.xcassets in Resources */,
				28D2B7CD29CF46BD00CB0901 /* Main.storyboard in Resources */,
			);
			runOnlyForDeploymentPostprocessing = 0;
		};
/* End PBXResourcesBuildPhase section */

/* Begin PBXSourcesBuildPhase section */
		28D2B7BE29CF46BD00CB0901 /* Sources */ = {
			isa = PBXSourcesBuildPhase;
			buildActionMask = 2147483647;
			files = (
				28D2B7CA29CF46BD00CB0901 /* ViewController.swift in Sources */,
				28D2B7DB29CF4B9300CB0901 /* KeychainWrapper.swift in Sources */,
				28D2B7C629CF46BD00CB0901 /* AppDelegate.swift in Sources */,
				28D2B7DC29CF4B9300CB0901 /* KeychainItemAccessibility.swift in Sources */,
				28D2B7C829CF46BD00CB0901 /* SceneDelegate.swift in Sources */,
			);
			runOnlyForDeploymentPostprocessing = 0;
		};
/* End PBXSourcesBuildPhase section */

/* Begin PBXVariantGroup section */
		28D2B7CB29CF46BD00CB0901 /* Main.storyboard */ = {
			isa = PBXVariantGroup;
			children = (
				28D2B7CC29CF46BD00CB0901 /* Base */,
			);
			name = Main.storyboard;
			sourceTree = "<group>";
		};
		28D2B7D029CF46BF00CB0901 /* LaunchScreen.storyboard */ = {
			isa = PBXVariantGroup;
			children = (
				28D2B7D129CF46BF00CB0901 /* Base */,
			);
			name = LaunchScreen.storyboard;
			sourceTree = "<group>";
		};
/* End PBXVariantGroup section */

/* Begin XCBuildConfiguration section */
		28D2B7D429CF46BF00CB0901 /* Debug */ = {
			isa = XCBuildConfiguration;
			buildSettings = {
				ALWAYS_SEARCH_USER_PATHS = NO;
				CLANG_ANALYZER_NONNULL = YES;
				CLANG_ANALYZER_NUMBER_OBJECT_CONVERSION = YES_AGGRESSIVE;
				CLANG_CXX_LANGUAGE_STANDARD = "gnu++20";
				CLANG_ENABLE_MODULES = YES;
				CLANG_ENABLE_OBJC_ARC = YES;
				CLANG_ENABLE_OBJC_WEAK = YES;
				CLANG_WARN_BLOCK_CAPTURE_AUTORELEASING = YES;
				CLANG_WARN_BOOL_CONVERSION = YES;
				CLANG_WARN_COMMA = YES;
				CLANG_WARN_CONSTANT_CONVERSION = YES;
				CLANG_WARN_DEPRECATED_OBJC_IMPLEMENTATIONS = YES;
				CLANG_WARN_DIRECT_OBJC_ISA_USAGE = YES_ERROR;
				CLANG_WARN_DOCUMENTATION_COMMENTS = YES;
				CLANG_WARN_EMPTY_BODY = YES;
				CLANG_WARN_ENUM_CONVERSION = YES;
				CLANG_WARN_INFINITE_RECURSION = YES;
				CLANG_WARN_INT_CONVERSION = YES;
				CLANG_WARN_NON_LITERAL_NULL_CONVERSION = YES;
				CLANG_WARN_OBJC_IMPLICIT_RETAIN_SELF = YES;
				CLANG_WARN_OBJC_LITERAL_CONVERSION = YES;
				CLANG_WARN_OBJC_ROOT_CLASS = YES_ERROR;
				CLANG_WARN_QUOTED_INCLUDE_IN_FRAMEWORK_HEADER = YES;
				CLANG_WARN_RANGE_LOOP_ANALYSIS = YES;
				CLANG_WARN_STRICT_PROTOTYPES = YES;
				CLANG_WARN_SUSPICIOUS_MOVE = YES;
				CLANG_WARN_UNGUARDED_AVAILABILITY = YES_AGGRESSIVE;
				CLANG_WARN_UNREACHABLE_CODE = YES;
				CLANG_WARN__DUPLICATE_METHOD_MATCH = YES;
				COPY_PHASE_STRIP = NO;
				DEBUG_INFORMATION_FORMAT = dwarf;
				ENABLE_STRICT_OBJC_MSGSEND = YES;
				ENABLE_TESTABILITY = YES;
				GCC_C_LANGUAGE_STANDARD = gnu11;
				GCC_DYNAMIC_NO_PIC = NO;
				GCC_NO_COMMON_BLOCKS = YES;
				GCC_OPTIMIZATION_LEVEL = 0;
				GCC_PREPROCESSOR_DEFINITIONS = (
					"DEBUG=1",
					"$(inherited)",
				);
				GCC_WARN_64_TO_32_BIT_CONVERSION = YES;
				GCC_WARN_ABOUT_RETURN_TYPE = YES_ERROR;
				GCC_WARN_UNDECLARED_SELECTOR = YES;
				GCC_WARN_UNINITIALIZED_AUTOS = YES_AGGRESSIVE;
				GCC_WARN_UNUSED_FUNCTION = YES;
				GCC_WARN_UNUSED_VARIABLE = YES;
				IPHONEOS_DEPLOYMENT_TARGET = 16.2;
				MTL_ENABLE_DEBUG_INFO = INCLUDE_SOURCE;
				MTL_FAST_MATH = YES;
				ONLY_ACTIVE_ARCH = YES;
				SDKROOT = iphoneos;
				SWIFT_ACTIVE_COMPILATION_CONDITIONS = DEBUG;
				SWIFT_OPTIMIZATION_LEVEL = "-Onone";
			};
			name = Debug;
		};
		28D2B7D529CF46BF00CB0901 /* Release */ = {
			isa = XCBuildConfiguration;
			buildSettings = {
				ALWAYS_SEARCH_USER_PATHS = NO;
				CLANG_ANALYZER_NONNULL = YES;
				CLANG_ANALYZER_NUMBER_OBJECT_CONVERSION = YES_AGGRESSIVE;
				CLANG_CXX_LANGUAGE_STANDARD = "gnu++20";
				CLANG_ENABLE_MODULES = YES;
				CLANG_ENABLE_OBJC_ARC = YES;
				CLANG_ENABLE_OBJC_WEAK = YES;
				CLANG_WARN_BLOCK_CAPTURE_AUTORELEASING = YES;
				CLANG_WARN_BOOL_CONVERSION = YES;
				CLANG_WARN_COMMA = YES;
				CLANG_WARN_CONSTANT_CONVERSION = YES;
				CLANG_WARN_DEPRECATED_OBJC_IMPLEMENTATIONS = YES;
				CLANG_WARN_DIRECT_OBJC_ISA_USAGE = YES_ERROR;
				CLANG_WARN_DOCUMENTATION_COMMENTS = YES;
				CLANG_WARN_EMPTY_BODY = YES;
				CLANG_WARN_ENUM_CONVERSION = YES;
				CLANG_WARN_INFINITE_RECURSION = YES;
				CLANG_WARN_INT_CONVERSION = YES;
				CLANG_WARN_NON_LITERAL_NULL_CONVERSION = YES;
				CLANG_WARN_OBJC_IMPLICIT_RETAIN_SELF = YES;
				CLANG_WARN_OBJC_LITERAL_CONVERSION = YES;
				CLANG_WARN_OBJC_ROOT_CLASS = YES_ERROR;
				CLANG_WARN_QUOTED_INCLUDE_IN_FRAMEWORK_HEADER = YES;
				CLANG_WARN_RANGE_LOOP_ANALYSIS = YES;
				CLANG_WARN_STRICT_PROTOTYPES = YES;
				CLANG_WARN_SUSPICIOUS_MOVE = YES;
				CLANG_WARN_UNGUARDED_AVAILABILITY = YES_AGGRESSIVE;
				CLANG_WARN_UNREACHABLE_CODE = YES;
				CLANG_WARN__DUPLICATE_METHOD_MATCH = YES;
				COPY_PHASE_STRIP = NO;
				DEBUG_INFORMATION_FORMAT = "dwarf-with-dsym";
				ENABLE_NS_ASSERTIONS = NO;
				ENABLE_STRICT_OBJC_MSGSEND = YES;
				GCC_C_LANGUAGE_STANDARD = gnu11;
				GCC_NO_COMMON_BLOCKS = YES;
				GCC_WARN_64_TO_32_BIT_CONVERSION = YES;
				GCC_WARN_ABOUT_RETURN_TYPE = YES_ERROR;
				GCC_WARN_UNDECLARED_SELECTOR = YES;
				GCC_WARN_UNINITIALIZED_AUTOS = YES_AGGRESSIVE;
				GCC_WARN_UNUSED_FUNCTION = YES;
				GCC_WARN_UNUSED_VARIABLE = YES;
				IPHONEOS_DEPLOYMENT_TARGET = 16.2;
				MTL_ENABLE_DEBUG_INFO = NO;
				MTL_FAST_MATH = YES;
				SDKROOT = iphoneos;
				SWIFT_COMPILATION_MODE = wholemodule;
				SWIFT_OPTIMIZATION_LEVEL = "-O";
				VALIDATE_PRODUCT = YES;
			};
			name = Release;
		};
		28D2B7D729CF46BF00CB0901 /* Debug */ = {
			isa = XCBuildConfiguration;
			buildSettings = {
				ASSETCATALOG_COMPILER_APPICON_NAME = AppIcon;
				ASSETCATALOG_COMPILER_GLOBAL_ACCENT_COLOR_NAME = AccentColor;
				CODE_SIGN_STYLE = Automatic;
				CURRENT_PROJECT_VERSION = 1;
				DEVELOPMENT_TEAM = AB23235B6K;
				GENERATE_INFOPLIST_FILE = YES;
				INFOPLIST_FILE = Project28/Info.plist;
				INFOPLIST_KEY_UIApplicationSupportsIndirectInputEvents = YES;
				INFOPLIST_KEY_UILaunchStoryboardName = LaunchScreen;
				INFOPLIST_KEY_UIMainStoryboardFile = Main;
				INFOPLIST_KEY_UISupportedInterfaceOrientations_iPad = "UIInterfaceOrientationPortrait UIInterfaceOrientationPortraitUpsideDown UIInterfaceOrientationLandscapeLeft UIInterfaceOrientationLandscapeRight";
				INFOPLIST_KEY_UISupportedInterfaceOrientations_iPhone = "UIInterfaceOrientationPortrait UIInterfaceOrientationLandscapeLeft UIInterfaceOrientationLandscapeRight";
				LD_RUNPATH_SEARCH_PATHS = (
					"$(inherited)",
					"@executable_path/Frameworks",
				);
				MARKETING_VERSION = 1.0;
				PRODUCT_BUNDLE_IDENTIFIER = com.mudulozan.Project28;
				PRODUCT_NAME = "$(TARGET_NAME)";
				SWIFT_EMIT_LOC_STRINGS = YES;
				SWIFT_VERSION = 5.0;
				TARGETED_DEVICE_FAMILY = "1,2";
			};
			name = Debug;
		};
		28D2B7D829CF46BF00CB0901 /* Release */ = {
			isa = XCBuildConfiguration;
			buildSettings = {
				ASSETCATALOG_COMPILER_APPICON_NAME = AppIcon;
				ASSETCATALOG_COMPILER_GLOBAL_ACCENT_COLOR_NAME = AccentColor;
				CODE_SIGN_STYLE = Automatic;
				CURRENT_PROJECT_VERSION = 1;
				DEVELOPMENT_TEAM = AB23235B6K;
				GENERATE_INFOPLIST_FILE = YES;
				INFOPLIST_FILE = Project28/Info.plist;
				INFOPLIST_KEY_UIApplicationSupportsIndirectInputEvents = YES;
				INFOPLIST_KEY_UILaunchStoryboardName = LaunchScreen;
				INFOPLIST_KEY_UIMainStoryboardFile = Main;
				INFOPLIST_KEY_UISupportedInterfaceOrientations_iPad = "UIInterfaceOrientationPortrait UIInterfaceOrientationPortraitUpsideDown UIInterfaceOrientationLandscapeLeft UIInterfaceOrientationLandscapeRight";
				INFOPLIST_KEY_UISupportedInterfaceOrientations_iPhone = "UIInterfaceOrientationPortrait UIInterfaceOrientationLandscapeLeft UIInterfaceOrientationLandscapeRight";
				LD_RUNPATH_SEARCH_PATHS = (
					"$(inherited)",
					"@executable_path/Frameworks",
				);
				MARKETING_VERSION = 1.0;
				PRODUCT_BUNDLE_IDENTIFIER = com.mudulozan.Project28;
				PRODUCT_NAME = "$(TARGET_NAME)";
				SWIFT_EMIT_LOC_STRINGS = YES;
				SWIFT_VERSION = 5.0;
				TARGETED_DEVICE_FAMILY = "1,2";
			};
			name = Release;
		};
/* End XCBuildConfiguration section */

/* Begin XCConfigurationList section */
		28D2B7BD29CF46BD00CB0901 /* Build configuration list for PBXProject "Project28" */ = {
			isa = XCConfigurationList;
			buildConfigurations = (
				28D2B7D429CF46BF00CB0901 /* Debug */,
				28D2B7D529CF46BF00CB0901 /* Release */,
			);
			defaultConfigurationIsVisible = 0;
			defaultConfigurationName = Release;
		};
		28D2B7D629CF46BF00CB0901 /* Build configuration list for PBXNativeTarget "Project28" */ = {
			isa = XCConfigurationList;
			buildConfigurations = (
				28D2B7D729CF46BF00CB0901 /* Debug */,
				28D2B7D829CF46BF00CB0901 /* Release */,
			);
			defaultConfigurationIsVisible = 0;
			defaultConfigurationName = Release;
		};
/* End XCConfigurationList section */
	};
	rootObject = 28D2B7BA29CF46BD00CB0901 /* Project object */;
}
