// !$*UTF8*$!
{
	archiveVersion = 1;
	classes = {
	};
	objectVersion = 56;
	objects = {

/* Begin PBXBuildFile section */
		286BF2F3297D98B800DACE69 /* AppDelegate.swift in Sources */ = {isa = PBXBuildFile; fileRef = 286BF2F2297D98B800DACE69 /* AppDelegate.swift */; };
		286BF2F5297D98B800DACE69 /* SceneDelegate.swift in Sources */ = {isa = PBXBuildFile; fileRef = 286BF2F4297D98B800DACE69 /* SceneDelegate.swift */; };
		286BF2F7297D98B800DACE69 /* ViewController.swift in Sources */ = {isa = PBXBuildFile; fileRef = 286BF2F6297D98B800DACE69 /* ViewController.swift */; };
		286BF2FA297D98B800DACE69 /* Main.storyboard in Resources */ = {isa = PBXBuildFile; fileRef = 286BF2F8297D98B800DACE69 /* Main.storyboard */; };
		286BF2FC297D98BA00DACE69 /* Assets.xcassets in Resources */ = {isa = PBXBuildFile; fileRef = 286BF2FB297D98BA00DACE69 /* Assets.xcassets */; };
		286BF2FF297D98BA00DACE69 /* LaunchScreen.storyboard in Resources */ = {isa = PBXBuildFile; fileRef = 286BF2FD297D98BA00DACE69 /* LaunchScreen.storyboard */; };
		286BF307297D991800DACE69 /* Country.swift in Sources */ = {isa = PBXBuildFile; fileRef = 286BF306297D991800DACE69 /* Country.swift */; };
		286BF309297D996400DACE69 /* DetailViewController.swift in Sources */ = {isa = PBXBuildFile; fileRef = 286BF308297D996400DACE69 /* DetailViewController.swift */; };
		286BF311297D9E2700DACE69 /* Countries.swift in Sources */ = {isa = PBXBuildFile; fileRef = 286BF310297D9E2700DACE69 /* Countries.swift */; };
/* End PBXBuildFile section */

/* Begin PBXFileReference section */
		286BF2EF297D98B800DACE69 /* Milestone-Projects13_15.app */ = {isa = PBXFileReference; explicitFileType = wrapper.application; includeInIndex = 0; path = "Milestone-Projects13_15.app"; sourceTree = BUILT_PRODUCTS_DIR; };
		286BF2F2297D98B800DACE69 /* AppDelegate.swift */ = {isa = PBXFileReference; lastKnownFileType = sourcecode.swift; path = AppDelegate.swift; sourceTree = "<group>"; };
		286BF2F4297D98B800DACE69 /* SceneDelegate.swift */ = {isa = PBXFileReference; lastKnownFileType = sourcecode.swift; path = SceneDelegate.swift; sourceTree = "<group>"; };
		286BF2F6297D98B800DACE69 /* ViewController.swift */ = {isa = PBXFileReference; lastKnownFileType = sourcecode.swift; path = ViewController.swift; sourceTree = "<group>"; };
		286BF2F9297D98B800DACE69 /* Base */ = {isa = PBXFileReference; lastKnownFileType = file.storyboard; name = Base; path = Base.lproj/Main.storyboard; sourceTree = "<group>"; };
		286BF2FB297D98BA00DACE69 /* Assets.xcassets */ = {isa = PBXFileReference; lastKnownFileType = folder.assetcatalog; path = Assets.xcassets; sourceTree = "<group>"; };
		286BF2FE297D98BA00DACE69 /* Base */ = {isa = PBXFileReference; lastKnownFileType = file.storyboard; name = Base; path = Base.lproj/LaunchScreen.storyboard; sourceTree = "<group>"; };
		286BF300297D98BA00DACE69 /* Info.plist */ = {isa = PBXFileReference; lastKnownFileType = text.plist.xml; path = Info.plist; sourceTree = "<group>"; };
		286BF306297D991800DACE69 /* Country.swift */ = {isa = PBXFileReference; lastKnownFileType = sourcecode.swift; path = Country.swift; sourceTree = "<group>"; };
		286BF308297D996400DACE69 /* DetailViewController.swift */ = {isa = PBXFileReference; lastKnownFileType = sourcecode.swift; path = DetailViewController.swift; sourceTree = "<group>"; };
		286BF310297D9E2700DACE69 /* Countries.swift */ = {isa = PBXFileReference; lastKnownFileType = sourcecode.swift; path = Countries.swift; sourceTree = "<group>"; };
/* End PBXFileReference section */

/* Begin PBXFrameworksBuildPhase section */
		286BF2EC297D98B800DACE69 /* Frameworks */ = {
			isa = PBXFrameworksBuildPhase;
			buildActionMask = 2147483647;
			files = (
			);
			runOnlyForDeploymentPostprocessing = 0;
		};
/* End PBXFrameworksBuildPhase section */

/* Begin PBXGroup section */
		286BF2E6297D98B800DACE69 = {
			isa = PBXGroup;
			children = (
				286BF2F1297D98B800DACE69 /* Milestone-Projects13_15 */,
				286BF2F0297D98B800DACE69 /* Products */,
			);
			sourceTree = "<group>";
		};
		286BF2F0297D98B800DACE69 /* Products */ = {
			isa = PBXGroup;
			children = (
				286BF2EF297D98B800DACE69 /* Milestone-Projects13_15.app */,
			);
			name = Products;
			sourceTree = "<group>";
		};
		286BF2F1297D98B800DACE69 /* Milestone-Projects13_15 */ = {
			isa = PBXGroup;
			children = (
				286BF2F2297D98B800DACE69 /* AppDelegate.swift */,
				286BF2F4297D98B800DACE69 /* SceneDelegate.swift */,
				286BF2F6297D98B800DACE69 /* ViewController.swift */,
				286BF310297D9E2700DACE69 /* Countries.swift */,
				286BF2F8297D98B800DACE69 /* Main.storyboard */,
				286BF306297D991800DACE69 /* Country.swift */,
				286BF308297D996400DACE69 /* DetailViewController.swift */,
				286BF2FB297D98BA00DACE69 /* Assets.xcassets */,
				286BF2FD297D98BA00DACE69 /* LaunchScreen.storyboard */,
				286BF300297D98BA00DACE69 /* Info.plist */,
			);
			path = "Milestone-Projects13_15";
			sourceTree = "<group>";
		};
/* End PBXGroup section */

/* Begin PBXNativeTarget section */
		286BF2EE297D98B800DACE69 /* Milestone-Projects13_15 */ = {
			isa = PBXNativeTarget;
			buildConfigurationList = 286BF303297D98BA00DACE69 /* Build configuration list for PBXNativeTarget "Milestone-Projects13_15" */;
			buildPhases = (
				286BF2EB297D98B800DACE69 /* Sources */,
				286BF2EC297D98B800DACE69 /* Frameworks */,
				286BF2ED297D98B800DACE69 /* Resources */,
			);
			buildRules = (
			);
			dependencies = (
			);
			name = "Milestone-Projects13_15";
			productName = CountryViewer;
			productReference = 286BF2EF297D98B800DACE69 /* Milestone-Projects13_15.app */;
			productType = "com.apple.product-type.application";
		};
/* End PBXNativeTarget section */

/* Begin PBXProject section */
		286BF2E7297D98B800DACE69 /* Project object */ = {
			isa = PBXProject;
			attributes = {
				BuildIndependentTargetsInParallel = 1;
				LastSwiftUpdateCheck = 1410;
				LastUpgradeCheck = 1410;
				TargetAttributes = {
					286BF2EE297D98B800DACE69 = {
						CreatedOnToolsVersion = 14.1;
					};
				};
			};
			buildConfigurationList = 286BF2EA297D98B800DACE69 /* Build configuration list for PBXProject "Milestone-Projects13_15" */;
			compatibilityVersion = "Xcode 14.0";
			developmentRegion = en;
			hasScannedForEncodings = 0;
			knownRegions = (
				en,
				Base,
			);
			mainGroup = 286BF2E6297D98B800DACE69;
			productRefGroup = 286BF2F0297D98B800DACE69 /* Products */;
			projectDirPath = "";
			projectRoot = "";
			targets = (
				286BF2EE297D98B800DACE69 /* Milestone-Projects13_15 */,
			);
		};
/* End PBXProject section */

/* Begin PBXResourcesBuildPhase section */
		286BF2ED297D98B800DACE69 /* Resources */ = {
			isa = PBXResourcesBuildPhase;
			buildActionMask = 2147483647;
			files = (
				286BF2FF297D98BA00DACE69 /* LaunchScreen.storyboard in Resources */,
				286BF2FC297D98BA00DACE69 /* Assets.xcassets in Resources */,
				286BF2FA297D98B800DACE69 /* Main.storyboard in Resources */,
			);
			runOnlyForDeploymentPostprocessing = 0;
		};
/* End PBXResourcesBuildPhase section */

/* Begin PBXSourcesBuildPhase section */
		286BF2EB297D98B800DACE69 /* Sources */ = {
			isa = PBXSourcesBuildPhase;
			buildActionMask = 2147483647;
			files = (
				286BF307297D991800DACE69 /* Country.swift in Sources */,
				286BF2F7297D98B800DACE69 /* ViewController.swift in Sources */,
				286BF309297D996400DACE69 /* DetailViewController.swift in Sources */,
				286BF2F3297D98B800DACE69 /* AppDelegate.swift in Sources */,
				286BF311297D9E2700DACE69 /* Countries.swift in Sources */,
				286BF2F5297D98B800DACE69 /* SceneDelegate.swift in Sources */,
			);
			runOnlyForDeploymentPostprocessing = 0;
		};
/* End PBXSourcesBuildPhase section */

/* Begin PBXVariantGroup section */
		286BF2F8297D98B800DACE69 /* Main.storyboard */ = {
			isa = PBXVariantGroup;
			children = (
				286BF2F9297D98B800DACE69 /* Base */,
			);
			name = Main.storyboard;
			sourceTree = "<group>";
		};
		286BF2FD297D98BA00DACE69 /* LaunchScreen.storyboard */ = {
			isa = PBXVariantGroup;
			children = (
				286BF2FE297D98BA00DACE69 /* Base */,
			);
			name = LaunchScreen.storyboard;
			sourceTree = "<group>";
		};
/* End PBXVariantGroup section */

/* Begin XCBuildConfiguration section */
		286BF301297D98BA00DACE69 /* Debug */ = {
			isa = XCBuildConfiguration;
			buildSettings = {
				ALWAYS_SEARCH_USER_PATHS = NO;
				CLANG_ANALYZER_NONNULL = YES;
				CLANG_ANALYZER_NUMBER_OBJECT_CONVERSION = YES_AGGRESSIVE;
				CLANG_CXX_LANGUAGE_STANDARD = "gnu++20";
				CLANG_ENABLE_MODULES = YES;
				CLANG_ENABLE_OBJC_ARC = YES;
				CLANG_ENABLE_OBJC_WEAK = YES;
				CLANG_WARN_BLOCK_CAPTURE_AUTORELEASING = YES;
				CLANG_WARN_BOOL_CONVERSION = YES;
				CLANG_WARN_COMMA = YES;
				CLANG_WARN_CONSTANT_CONVERSION = YES;
				CLANG_WARN_DEPRECATED_OBJC_IMPLEMENTATIONS = YES;
				CLANG_WARN_DIRECT_OBJC_ISA_USAGE = YES_ERROR;
				CLANG_WARN_DOCUMENTATION_COMMENTS = YES;
				CLANG_WARN_EMPTY_BODY = YES;
				CLANG_WARN_ENUM_CONVERSION = YES;
				CLANG_WARN_INFINITE_RECURSION = YES;
				CLANG_WARN_INT_CONVERSION = YES;
				CLANG_WARN_NON_LITERAL_NULL_CONVERSION = YES;
				CLANG_WARN_OBJC_IMPLICIT_RETAIN_SELF = YES;
				CLANG_WARN_OBJC_LITERAL_CONVERSION = YES;
				CLANG_WARN_OBJC_ROOT_CLASS = YES_ERROR;
				CLANG_WARN_QUOTED_INCLUDE_IN_FRAMEWORK_HEADER = YES;
				CLANG_WARN_RANGE_LOOP_ANALYSIS = YES;
				CLANG_WARN_STRICT_PROTOTYPES = YES;
				CLANG_WARN_SUSPICIOUS_MOVE = YES;
				CLANG_WARN_UNGUARDED_AVAILABILITY = YES_AGGRESSIVE;
				CLANG_WARN_UNREACHABLE_CODE = YES;
				CLANG_WARN__DUPLICATE_METHOD_MATCH = YES;
				COPY_PHASE_STRIP = NO;
				DEBUG_INFORMATION_FORMAT = dwarf;
				ENABLE_STRICT_OBJC_MSGSEND = YES;
				ENABLE_TESTABILITY = YES;
				GCC_C_LANGUAGE_STANDARD = gnu11;
				GCC_DYNAMIC_NO_PIC = NO;
				GCC_NO_COMMON_BLOCKS = YES;
				GCC_OPTIMIZATION_LEVEL = 0;
				GCC_PREPROCESSOR_DEFINITIONS = (
					"DEBUG=1",
					"$(inherited)",
				);
				GCC_WARN_64_TO_32_BIT_CONVERSION = YES;
				GCC_WARN_ABOUT_RETURN_TYPE = YES_ERROR;
				GCC_WARN_UNDECLARED_SELECTOR = YES;
				GCC_WARN_UNINITIALIZED_AUTOS = YES_AGGRESSIVE;
				GCC_WARN_UNUSED_FUNCTION = YES;
				GCC_WARN_UNUSED_VARIABLE = YES;
				IPHONEOS_DEPLOYMENT_TARGET = 16.1;
				MTL_ENABLE_DEBUG_INFO = INCLUDE_SOURCE;
				MTL_FAST_MATH = YES;
				ONLY_ACTIVE_ARCH = YES;
				SDKROOT = iphoneos;
				SWIFT_ACTIVE_COMPILATION_CONDITIONS = DEBUG;
				SWIFT_OPTIMIZATION_LEVEL = "-Onone";
			};
			name = Debug;
		};
		286BF302297D98BA00DACE69 /* Release */ = {
			isa = XCBuildConfiguration;
			buildSettings = {
				ALWAYS_SEARCH_USER_PATHS = NO;
				CLANG_ANALYZER_NONNULL = YES;
				CLANG_ANALYZER_NUMBER_OBJECT_CONVERSION = YES_AGGRESSIVE;
				CLANG_CXX_LANGUAGE_STANDARD = "gnu++20";
				CLANG_ENABLE_MODULES = YES;
				CLANG_ENABLE_OBJC_ARC = YES;
				CLANG_ENABLE_OBJC_WEAK = YES;
				CLANG_WARN_BLOCK_CAPTURE_AUTORELEASING = YES;
				CLANG_WARN_BOOL_CONVERSION = YES;
				CLANG_WARN_COMMA = YES;
				CLANG_WARN_CONSTANT_CONVERSION = YES;
				CLANG_WARN_DEPRECATED_OBJC_IMPLEMENTATIONS = YES;
				CLANG_WARN_DIRECT_OBJC_ISA_USAGE = YES_ERROR;
				CLANG_WARN_DOCUMENTATION_COMMENTS = YES;
				CLANG_WARN_EMPTY_BODY = YES;
				CLANG_WARN_ENUM_CONVERSION = YES;
				CLANG_WARN_INFINITE_RECURSION = YES;
				CLANG_WARN_INT_CONVERSION = YES;
				CLANG_WARN_NON_LITERAL_NULL_CONVERSION = YES;
				CLANG_WARN_OBJC_IMPLICIT_RETAIN_SELF = YES;
				CLANG_WARN_OBJC_LITERAL_CONVERSION = YES;
				CLANG_WARN_OBJC_ROOT_CLASS = YES_ERROR;
				CLANG_WARN_QUOTED_INCLUDE_IN_FRAMEWORK_HEADER = YES;
				CLANG_WARN_RANGE_LOOP_ANALYSIS = YES;
				CLANG_WARN_STRICT_PROTOTYPES = YES;
				CLANG_WARN_SUSPICIOUS_MOVE = YES;
				CLANG_WARN_UNGUARDED_AVAILABILITY = YES_AGGRESSIVE;
				CLANG_WARN_UNREACHABLE_CODE = YES;
				CLANG_WARN__DUPLICATE_METHOD_MATCH = YES;
				COPY_PHASE_STRIP = NO;
				DEBUG_INFORMATION_FORMAT = "dwarf-with-dsym";
				ENABLE_NS_ASSERTIONS = NO;
				ENABLE_STRICT_OBJC_MSGSEND = YES;
				GCC_C_LANGUAGE_STANDARD = gnu11;
				GCC_NO_COMMON_BLOCKS = YES;
				GCC_WARN_64_TO_32_BIT_CONVERSION = YES;
				GCC_WARN_ABOUT_RETURN_TYPE = YES_ERROR;
				GCC_WARN_UNDECLARED_SELECTOR = YES;
				GCC_WARN_UNINITIALIZED_AUTOS = YES_AGGRESSIVE;
				GCC_WARN_UNUSED_FUNCTION = YES;
				GCC_WARN_UNUSED_VARIABLE = YES;
				IPHONEOS_DEPLOYMENT_TARGET = 16.1;
				MTL_ENABLE_DEBUG_INFO = NO;
				MTL_FAST_MATH = YES;
				SDKROOT = iphoneos;
				SWIFT_COMPILATION_MODE = wholemodule;
				SWIFT_OPTIMIZATION_LEVEL = "-O";
				VALIDATE_PRODUCT = YES;
			};
			name = Release;
		};
		286BF304297D98BA00DACE69 /* Debug */ = {
			isa = XCBuildConfiguration;
			buildSettings = {
				ASSETCATALOG_COMPILER_APPICON_NAME = AppIcon;
				ASSETCATALOG_COMPILER_GLOBAL_ACCENT_COLOR_NAME = AccentColor;
				CODE_SIGN_STYLE = Automatic;
				CURRENT_PROJECT_VERSION = 1;
				DEVELOPMENT_TEAM = AB23235B6K;
				GENERATE_INFOPLIST_FILE = YES;
				INFOPLIST_FILE = CountryViewer/Info.plist;
				INFOPLIST_KEY_UIApplicationSupportsIndirectInputEvents = YES;
				INFOPLIST_KEY_UILaunchStoryboardName = LaunchScreen;
				INFOPLIST_KEY_UIMainStoryboardFile = Main;
				INFOPLIST_KEY_UISupportedInterfaceOrientations_iPad = "UIInterfaceOrientationPortrait UIInterfaceOrientationPortraitUpsideDown UIInterfaceOrientationLandscapeLeft UIInterfaceOrientationLandscapeRight";
				INFOPLIST_KEY_UISupportedInterfaceOrientations_iPhone = "UIInterfaceOrientationPortrait UIInterfaceOrientationLandscapeLeft UIInterfaceOrientationLandscapeRight";
				LD_RUNPATH_SEARCH_PATHS = (
					"$(inherited)",
					"@executable_path/Frameworks",
				);
				MARKETING_VERSION = 1.0;
				PRODUCT_BUNDLE_IDENTIFIER = com.mudulozan.CountryViewer;
				PRODUCT_NAME = "$(TARGET_NAME)";
				SWIFT_EMIT_LOC_STRINGS = YES;
				SWIFT_VERSION = 5.0;
				TARGETED_DEVICE_FAMILY = "1,2";
			};
			name = Debug;
		};
		286BF305297D98BA00DACE69 /* Release */ = {
			isa = XCBuildConfiguration;
			buildSettings = {
				ASSETCATALOG_COMPILER_APPICON_NAME = AppIcon;
				ASSETCATALOG_COMPILER_GLOBAL_ACCENT_COLOR_NAME = AccentColor;
				CODE_SIGN_STYLE = Automatic;
				CURRENT_PROJECT_VERSION = 1;
				DEVELOPMENT_TEAM = AB23235B6K;
				GENERATE_INFOPLIST_FILE = YES;
				INFOPLIST_FILE = CountryViewer/Info.plist;
				INFOPLIST_KEY_UIApplicationSupportsIndirectInputEvents = YES;
				INFOPLIST_KEY_UILaunchStoryboardName = LaunchScreen;
				INFOPLIST_KEY_UIMainStoryboardFile = Main;
				INFOPLIST_KEY_UISupportedInterfaceOrientations_iPad = "UIInterfaceOrientationPortrait UIInterfaceOrientationPortraitUpsideDown UIInterfaceOrientationLandscapeLeft UIInterfaceOrientationLandscapeRight";
				INFOPLIST_KEY_UISupportedInterfaceOrientations_iPhone = "UIInterfaceOrientationPortrait UIInterfaceOrientationLandscapeLeft UIInterfaceOrientationLandscapeRight";
				LD_RUNPATH_SEARCH_PATHS = (
					"$(inherited)",
					"@executable_path/Frameworks",
				);
				MARKETING_VERSION = 1.0;
				PRODUCT_BUNDLE_IDENTIFIER = com.mudulozan.CountryViewer;
				PRODUCT_NAME = "$(TARGET_NAME)";
				SWIFT_EMIT_LOC_STRINGS = YES;
				SWIFT_VERSION = 5.0;
				TARGETED_DEVICE_FAMILY = "1,2";
			};
			name = Release;
		};
/* End XCBuildConfiguration section */

/* Begin XCConfigurationList section */
		286BF2EA297D98B800DACE69 /* Build configuration list for PBXProject "Milestone-Projects13_15" */ = {
			isa = XCConfigurationList;
			buildConfigurations = (
				286BF301297D98BA00DACE69 /* Debug */,
				286BF302297D98BA00DACE69 /* Release */,
			);
			defaultConfigurationIsVisible = 0;
			defaultConfigurationName = Release;
		};
		286BF303297D98BA00DACE69 /* Build configuration list for PBXNativeTarget "Milestone-Projects13_15" */ = {
			isa = XCConfigurationList;
			buildConfigurations = (
				286BF304297D98BA00DACE69 /* Debug */,
				286BF305297D98BA00DACE69 /* Release */,
			);
			defaultConfigurationIsVisible = 0;
			defaultConfigurationName = Release;
		};
/* End XCConfigurationList section */
	};
	rootObject = 286BF2E7297D98B800DACE69 /* Project object */;
}
